// !$*UTF8*$!
{
	archiveVersion = 1;
	classes = {
	};
	objectVersion = 50;
	objects = {

/* Begin PBXBuildFile section */
		C2EE60DB26686FBA00886380 /* AppDelegate.swift in Sources */ = {isa = PBXBuildFile; fileRef = C2EE60DA26686FBA00886380 /* AppDelegate.swift */; };
		C2EE60DD26686FBA00886380 /* SceneDelegate.swift in Sources */ = {isa = PBXBuildFile; fileRef = C2EE60DC26686FBA00886380 /* SceneDelegate.swift */; };
		C2EE60DF26686FBA00886380 /* ViewController.swift in Sources */ = {isa = PBXBuildFile; fileRef = C2EE60DE26686FBA00886380 /* ViewController.swift */; };
		C2EE60E226686FBA00886380 /* Main.storyboard in Resources */ = {isa = PBXBuildFile; fileRef = C2EE60E026686FBA00886380 /* Main.storyboard */; };
		C2EE60E426686FBE00886380 /* Assets.xcassets in Resources */ = {isa = PBXBuildFile; fileRef = C2EE60E326686FBE00886380 /* Assets.xcassets */; };
		C2EE60E726686FBE00886380 /* LaunchScreen.storyboard in Resources */ = {isa = PBXBuildFile; fileRef = C2EE60E526686FBE00886380 /* LaunchScreen.storyboard */; };
		C2EE60F226686FBE00886380 /* LinkedListDemoTests.swift in Sources */ = {isa = PBXBuildFile; fileRef = C2EE60F126686FBE00886380 /* LinkedListDemoTests.swift */; };
		C2EE60FD26686FBE00886380 /* LinkedListDemoUITests.swift in Sources */ = {isa = PBXBuildFile; fileRef = C2EE60FC26686FBE00886380 /* LinkedListDemoUITests.swift */; };
		C2EE610E2668704200886380 /* SingleLinkedList.swift in Sources */ = {isa = PBXBuildFile; fileRef = C2EE610D2668704200886380 /* SingleLinkedList.swift */; };
		C2EE61112668705700886380 /* ListNode.swift in Sources */ = {isa = PBXBuildFile; fileRef = C2EE61102668705700886380 /* ListNode.swift */; };
/* End PBXBuildFile section */

/* Begin PBXContainerItemProxy section */
		C2EE60EE26686FBE00886380 /* PBXContainerItemProxy */ = {
			isa = PBXContainerItemProxy;
			containerPortal = C2EE60CF26686FBA00886380 /* Project object */;
			proxyType = 1;
			remoteGlobalIDString = C2EE60D626686FBA00886380;
			remoteInfo = LinkedListDemo;
		};
		C2EE60F926686FBE00886380 /* PBXContainerItemProxy */ = {
			isa = PBXContainerItemProxy;
			containerPortal = C2EE60CF26686FBA00886380 /* Project object */;
			proxyType = 1;
			remoteGlobalIDString = C2EE60D626686FBA00886380;
			remoteInfo = LinkedListDemo;
		};
/* End PBXContainerItemProxy section */

/* Begin PBXFileReference section */
		C2EE60D726686FBA00886380 /* LinkedListDemo.app */ = {isa = PBXFileReference; explicitFileType = wrapper.application; includeInIndex = 0; path = LinkedListDemo.app; sourceTree = BUILT_PRODUCTS_DIR; };
		C2EE60DA26686FBA00886380 /* AppDelegate.swift */ = {isa = PBXFileReference; lastKnownFileType = sourcecode.swift; path = AppDelegate.swift; sourceTree = "<group>"; };
		C2EE60DC26686FBA00886380 /* SceneDelegate.swift */ = {isa = PBXFileReference; lastKnownFileType = sourcecode.swift; path = SceneDelegate.swift; sourceTree = "<group>"; };
		C2EE60DE26686FBA00886380 /* ViewController.swift */ = {isa = PBXFileReference; lastKnownFileType = sourcecode.swift; path = ViewController.swift; sourceTree = "<group>"; };
		C2EE60E126686FBA00886380 /* Base */ = {isa = PBXFileReference; lastKnownFileType = file.storyboard; name = Base; path = Base.lproj/Main.storyboard; sourceTree = "<group>"; };
		C2EE60E326686FBE00886380 /* Assets.xcassets */ = {isa = PBXFileReference; lastKnownFileType = folder.assetcatalog; path = Assets.xcassets; sourceTree = "<group>"; };
		C2EE60E626686FBE00886380 /* Base */ = {isa = PBXFileReference; lastKnownFileType = file.storyboard; name = Base; path = Base.lproj/LaunchScreen.storyboard; sourceTree = "<group>"; };
		C2EE60E826686FBE00886380 /* Info.plist */ = {isa = PBXFileReference; lastKnownFileType = text.plist.xml; path = Info.plist; sourceTree = "<group>"; };
		C2EE60ED26686FBE00886380 /* LinkedListDemoTests.xctest */ = {isa = PBXFileReference; explicitFileType = wrapper.cfbundle; includeInIndex = 0; path = LinkedListDemoTests.xctest; sourceTree = BUILT_PRODUCTS_DIR; };
		C2EE60F126686FBE00886380 /* LinkedListDemoTests.swift */ = {isa = PBXFileReference; lastKnownFileType = sourcecode.swift; path = LinkedListDemoTests.swift; sourceTree = "<group>"; };
		C2EE60F326686FBE00886380 /* Info.plist */ = {isa = PBXFileReference; lastKnownFileType = text.plist.xml; path = Info.plist; sourceTree = "<group>"; };
		C2EE60F826686FBE00886380 /* LinkedListDemoUITests.xctest */ = {isa = PBXFileReference; explicitFileType = wrapper.cfbundle; includeInIndex = 0; path = LinkedListDemoUITests.xctest; sourceTree = BUILT_PRODUCTS_DIR; };
		C2EE60FC26686FBE00886380 /* LinkedListDemoUITests.swift */ = {isa = PBXFileReference; lastKnownFileType = sourcecode.swift; path = LinkedListDemoUITests.swift; sourceTree = "<group>"; };
		C2EE60FE26686FBE00886380 /* Info.plist */ = {isa = PBXFileReference; lastKnownFileType = text.plist.xml; path = Info.plist; sourceTree = "<group>"; };
		C2EE610D2668704200886380 /* SingleLinkedList.swift */ = {isa = PBXFileReference; lastKnownFileType = sourcecode.swift; path = SingleLinkedList.swift; sourceTree = "<group>"; };
		C2EE61102668705700886380 /* ListNode.swift */ = {isa = PBXFileReference; lastKnownFileType = sourcecode.swift; path = ListNode.swift; sourceTree = "<group>"; };
/* End PBXFileReference section */

/* Begin PBXFrameworksBuildPhase section */
		C2EE60D426686FBA00886380 /* Frameworks */ = {
			isa = PBXFrameworksBuildPhase;
			buildActionMask = 2147483647;
			files = (
			);
			runOnlyForDeploymentPostprocessing = 0;
		};
		C2EE60EA26686FBE00886380 /* Frameworks */ = {
			isa = PBXFrameworksBuildPhase;
			buildActionMask = 2147483647;
			files = (
			);
			runOnlyForDeploymentPostprocessing = 0;
		};
		C2EE60F526686FBE00886380 /* Frameworks */ = {
			isa = PBXFrameworksBuildPhase;
			buildActionMask = 2147483647;
			files = (
			);
			runOnlyForDeploymentPostprocessing = 0;
		};
/* End PBXFrameworksBuildPhase section */

/* Begin PBXGroup section */
		C2EE60CE26686FBA00886380 = {
			isa = PBXGroup;
			children = (
				C2EE610F2668704500886380 /* LinkedList */,
				C2EE60D926686FBA00886380 /* LinkedListDemo */,
				C2EE60F026686FBE00886380 /* LinkedListDemoTests */,
				C2EE60FB26686FBE00886380 /* LinkedListDemoUITests */,
				C2EE60D826686FBA00886380 /* Products */,
			);
			sourceTree = "<group>";
		};
		C2EE60D826686FBA00886380 /* Products */ = {
			isa = PBXGroup;
			children = (
				C2EE60D726686FBA00886380 /* LinkedListDemo.app */,
				C2EE60ED26686FBE00886380 /* LinkedListDemoTests.xctest */,
				C2EE60F826686FBE00886380 /* LinkedListDemoUITests.xctest */,
			);
			name = Products;
			sourceTree = "<group>";
		};
		C2EE60D926686FBA00886380 /* LinkedListDemo */ = {
			isa = PBXGroup;
			children = (
				C2EE60DA26686FBA00886380 /* AppDelegate.swift */,
				C2EE60DC26686FBA00886380 /* SceneDelegate.swift */,
				C2EE60DE26686FBA00886380 /* ViewController.swift */,
				C2EE60E026686FBA00886380 /* Main.storyboard */,
				C2EE60E326686FBE00886380 /* Assets.xcassets */,
				C2EE60E526686FBE00886380 /* LaunchScreen.storyboard */,
				C2EE60E826686FBE00886380 /* Info.plist */,
			);
			path = LinkedListDemo;
			sourceTree = "<group>";
		};
		C2EE60F026686FBE00886380 /* LinkedListDemoTests */ = {
			isa = PBXGroup;
			children = (
				C2EE60F126686FBE00886380 /* LinkedListDemoTests.swift */,
				C2EE60F326686FBE00886380 /* Info.plist */,
			);
			path = LinkedListDemoTests;
			sourceTree = "<group>";
		};
		C2EE60FB26686FBE00886380 /* LinkedListDemoUITests */ = {
			isa = PBXGroup;
			children = (
				C2EE60FC26686FBE00886380 /* LinkedListDemoUITests.swift */,
				C2EE60FE26686FBE00886380 /* Info.plist */,
			);
			path = LinkedListDemoUITests;
			sourceTree = "<group>";
		};
		C2EE610F2668704500886380 /* LinkedList */ = {
			isa = PBXGroup;
			children = (
				C2EE610D2668704200886380 /* SingleLinkedList.swift */,
				C2EE61102668705700886380 /* ListNode.swift */,
			);
			path = LinkedList;
			sourceTree = "<group>";
		};
/* End PBXGroup section */

/* Begin PBXNativeTarget section */
		C2EE60D626686FBA00886380 /* LinkedListDemo */ = {
			isa = PBXNativeTarget;
			buildConfigurationList = C2EE610126686FBE00886380 /* Build configuration list for PBXNativeTarget "LinkedListDemo" */;
			buildPhases = (
				C2EE60D326686FBA00886380 /* Sources */,
				C2EE60D426686FBA00886380 /* Frameworks */,
				C2EE60D526686FBA00886380 /* Resources */,
			);
			buildRules = (
			);
			dependencies = (
			);
			name = LinkedListDemo;
			productName = LinkedListDemo;
			productReference = C2EE60D726686FBA00886380 /* LinkedListDemo.app */;
			productType = "com.apple.product-type.application";
		};
		C2EE60EC26686FBE00886380 /* LinkedListDemoTests */ = {
			isa = PBXNativeTarget;
			buildConfigurationList = C2EE610426686FBE00886380 /* Build configuration list for PBXNativeTarget "LinkedListDemoTests" */;
			buildPhases = (
				C2EE60E926686FBE00886380 /* Sources */,
				C2EE60EA26686FBE00886380 /* Frameworks */,
				C2EE60EB26686FBE00886380 /* Resources */,
			);
			buildRules = (
			);
			dependencies = (
				C2EE60EF26686FBE00886380 /* PBXTargetDependency */,
			);
			name = LinkedListDemoTests;
			productName = LinkedListDemoTests;
			productReference = C2EE60ED26686FBE00886380 /* LinkedListDemoTests.xctest */;
			productType = "com.apple.product-type.bundle.unit-test";
		};
		C2EE60F726686FBE00886380 /* LinkedListDemoUITests */ = {
			isa = PBXNativeTarget;
			buildConfigurationList = C2EE610726686FBE00886380 /* Build configuration list for PBXNativeTarget "LinkedListDemoUITests" */;
			buildPhases = (
				C2EE60F426686FBE00886380 /* Sources */,
				C2EE60F526686FBE00886380 /* Frameworks */,
				C2EE60F626686FBE00886380 /* Resources */,
			);
			buildRules = (
			);
			dependencies = (
				C2EE60FA26686FBE00886380 /* PBXTargetDependency */,
			);
			name = LinkedListDemoUITests;
			productName = LinkedListDemoUITests;
			productReference = C2EE60F826686FBE00886380 /* LinkedListDemoUITests.xctest */;
			productType = "com.apple.product-type.bundle.ui-testing";
		};
/* End PBXNativeTarget section */

/* Begin PBXProject section */
		C2EE60CF26686FBA00886380 /* Project object */ = {
			isa = PBXProject;
			attributes = {
				LastSwiftUpdateCheck = 1250;
				LastUpgradeCheck = 1250;
				TargetAttributes = {
					C2EE60D626686FBA00886380 = {
						CreatedOnToolsVersion = 12.5;
					};
					C2EE60EC26686FBE00886380 = {
						CreatedOnToolsVersion = 12.5;
						TestTargetID = C2EE60D626686FBA00886380;
					};
					C2EE60F726686FBE00886380 = {
						CreatedOnToolsVersion = 12.5;
						TestTargetID = C2EE60D626686FBA00886380;
					};
				};
			};
			buildConfigurationList = C2EE60D226686FBA00886380 /* Build configuration list for PBXProject "LinkedListDemo" */;
			compatibilityVersion = "Xcode 9.3";
			developmentRegion = en;
			hasScannedForEncodings = 0;
			knownRegions = (
				en,
				Base,
			);
			mainGroup = C2EE60CE26686FBA00886380;
			productRefGroup = C2EE60D826686FBA00886380 /* Products */;
			projectDirPath = "";
			projectRoot = "";
			targets = (
				C2EE60D626686FBA00886380 /* LinkedListDemo */,
				C2EE60EC26686FBE00886380 /* LinkedListDemoTests */,
				C2EE60F726686FBE00886380 /* LinkedListDemoUITests */,
			);
		};
/* End PBXProject section */

/* Begin PBXResourcesBuildPhase section */
		C2EE60D526686FBA00886380 /* Resources */ = {
			isa = PBXResourcesBuildPhase;
			buildActionMask = 2147483647;
			files = (
				C2EE60E726686FBE00886380 /* LaunchScreen.storyboard in Resources */,
				C2EE60E426686FBE00886380 /* Assets.xcassets in Resources */,
				C2EE60E226686FBA00886380 /* Main.storyboard in Resources */,
			);
			runOnlyForDeploymentPostprocessing = 0;
		};
		C2EE60EB26686FBE00886380 /* Resources */ = {
			isa = PBXResourcesBuildPhase;
			buildActionMask = 2147483647;
			files = (
			);
			runOnlyForDeploymentPostprocessing = 0;
		};
		C2EE60F626686FBE00886380 /* Resources */ = {
			isa = PBXResourcesBuildPhase;
			buildActionMask = 2147483647;
			files = (
			);
			runOnlyForDeploymentPostprocessing = 0;
		};
/* End PBXResourcesBuildPhase section */

/* Begin PBXSourcesBuildPhase section */
		C2EE60D326686FBA00886380 /* Sources */ = {
			isa = PBXSourcesBuildPhase;
			buildActionMask = 2147483647;
			files = (
				C2EE60DF26686FBA00886380 /* ViewController.swift in Sources */,
				C2EE61112668705700886380 /* ListNode.swift in Sources */,
				C2EE60DB26686FBA00886380 /* AppDelegate.swift in Sources */,
				C2EE610E2668704200886380 /* SingleLinkedList.swift in Sources */,
				C2EE60DD26686FBA00886380 /* SceneDelegate.swift in Sources */,
			);
			runOnlyForDeploymentPostprocessing = 0;
		};
		C2EE60E926686FBE00886380 /* Sources */ = {
			isa = PBXSourcesBuildPhase;
			buildActionMask = 2147483647;
			files = (
				C2EE60F226686FBE00886380 /* LinkedListDemoTests.swift in Sources */,
			);
			runOnlyForDeploymentPostprocessing = 0;
		};
		C2EE60F426686FBE00886380 /* Sources */ = {
			isa = PBXSourcesBuildPhase;
			buildActionMask = 2147483647;
			files = (
				C2EE60FD26686FBE00886380 /* LinkedListDemoUITests.swift in Sources */,
			);
			runOnlyForDeploymentPostprocessing = 0;
		};
/* End PBXSourcesBuildPhase section */

/* Begin PBXTargetDependency section */
		C2EE60EF26686FBE00886380 /* PBXTargetDependency */ = {
			isa = PBXTargetDependency;
			target = C2EE60D626686FBA00886380 /* LinkedListDemo */;
			targetProxy = C2EE60EE26686FBE00886380 /* PBXContainerItemProxy */;
		};
		C2EE60FA26686FBE00886380 /* PBXTargetDependency */ = {
			isa = PBXTargetDependency;
			target = C2EE60D626686FBA00886380 /* LinkedListDemo */;
			targetProxy = C2EE60F926686FBE00886380 /* PBXContainerItemProxy */;
		};
/* End PBXTargetDependency section */

/* Begin PBXVariantGroup section */
		C2EE60E026686FBA00886380 /* Main.storyboard */ = {
			isa = PBXVariantGroup;
			children = (
				C2EE60E126686FBA00886380 /* Base */,
			);
			name = Main.storyboard;
			sourceTree = "<group>";
		};
		C2EE60E526686FBE00886380 /* LaunchScreen.storyboard */ = {
			isa = PBXVariantGroup;
			children = (
				C2EE60E626686FBE00886380 /* Base */,
			);
			name = LaunchScreen.storyboard;
			sourceTree = "<group>";
		};
/* End PBXVariantGroup section */

/* Begin XCBuildConfiguration section */
		C2EE60FF26686FBE00886380 /* Debug */ = {
			isa = XCBuildConfiguration;
			buildSettings = {
				ALWAYS_SEARCH_USER_PATHS = NO;
				CLANG_ANALYZER_NONNULL = YES;
				CLANG_ANALYZER_NUMBER_OBJECT_CONVERSION = YES_AGGRESSIVE;
				CLANG_CXX_LANGUAGE_STANDARD = "gnu++14";
				CLANG_CXX_LIBRARY = "libc++";
				CLANG_ENABLE_MODULES = YES;
				CLANG_ENABLE_OBJC_ARC = YES;
				CLANG_ENABLE_OBJC_WEAK = YES;
				CLANG_WARN_BLOCK_CAPTURE_AUTORELEASING = YES;
				CLANG_WARN_BOOL_CONVERSION = YES;
				CLANG_WARN_COMMA = YES;
				CLANG_WARN_CONSTANT_CONVERSION = YES;
				CLANG_WARN_DEPRECATED_OBJC_IMPLEMENTATIONS = YES;
				CLANG_WARN_DIRECT_OBJC_ISA_USAGE = YES_ERROR;
				CLANG_WARN_DOCUMENTATION_COMMENTS = YES;
				CLANG_WARN_EMPTY_BODY = YES;
				CLANG_WARN_ENUM_CONVERSION = YES;
				CLANG_WARN_INFINITE_RECURSION = YES;
				CLANG_WARN_INT_CONVERSION = YES;
				CLANG_WARN_NON_LITERAL_NULL_CONVERSION = YES;
				CLANG_WARN_OBJC_IMPLICIT_RETAIN_SELF = YES;
				CLANG_WARN_OBJC_LITERAL_CONVERSION = YES;
				CLANG_WARN_OBJC_ROOT_CLASS = YES_ERROR;
				CLANG_WARN_QUOTED_INCLUDE_IN_FRAMEWORK_HEADER = YES;
				CLANG_WARN_RANGE_LOOP_ANALYSIS = YES;
				CLANG_WARN_STRICT_PROTOTYPES = YES;
				CLANG_WARN_SUSPICIOUS_MOVE = YES;
				CLANG_WARN_UNGUARDED_AVAILABILITY = YES_AGGRESSIVE;
				CLANG_WARN_UNREACHABLE_CODE = YES;
				CLANG_WARN__DUPLICATE_METHOD_MATCH = YES;
				COPY_PHASE_STRIP = NO;
				DEBUG_INFORMATION_FORMAT = dwarf;
				ENABLE_STRICT_OBJC_MSGSEND = YES;
				ENABLE_TESTABILITY = YES;
				GCC_C_LANGUAGE_STANDARD = gnu11;
				GCC_DYNAMIC_NO_PIC = NO;
				GCC_NO_COMMON_BLOCKS = YES;
				GCC_OPTIMIZATION_LEVEL = 0;
				GCC_PREPROCESSOR_DEFINITIONS = (
					"DEBUG=1",
					"$(inherited)",
				);
				GCC_WARN_64_TO_32_BIT_CONVERSION = YES;
				GCC_WARN_ABOUT_RETURN_TYPE = YES_ERROR;
				GCC_WARN_UNDECLARED_SELECTOR = YES;
				GCC_WARN_UNINITIALIZED_AUTOS = YES_AGGRESSIVE;
				GCC_WARN_UNUSED_FUNCTION = YES;
				GCC_WARN_UNUSED_VARIABLE = YES;
				IPHONEOS_DEPLOYMENT_TARGET = 14.5;
				MTL_ENABLE_DEBUG_INFO = INCLUDE_SOURCE;
				MTL_FAST_MATH = YES;
				ONLY_ACTIVE_ARCH = YES;
				SDKROOT = iphoneos;
				SWIFT_ACTIVE_COMPILATION_CONDITIONS = DEBUG;
				SWIFT_OPTIMIZATION_LEVEL = "-Onone";
			};
			name = Debug;
		};
		C2EE610026686FBE00886380 /* Release */ = {
			isa = XCBuildConfiguration;
			buildSettings = {
				ALWAYS_SEARCH_USER_PATHS = NO;
				CLANG_ANALYZER_NONNULL = YES;
				CLANG_ANALYZER_NUMBER_OBJECT_CONVERSION = YES_AGGRESSIVE;
				CLANG_CXX_LANGUAGE_STANDARD = "gnu++14";
				CLANG_CXX_LIBRARY = "libc++";
				CLANG_ENABLE_MODULES = YES;
				CLANG_ENABLE_OBJC_ARC = YES;
				CLANG_ENABLE_OBJC_WEAK = YES;
				CLANG_WARN_BLOCK_CAPTURE_AUTORELEASING = YES;
				CLANG_WARN_BOOL_CONVERSION = YES;
				CLANG_WARN_COMMA = YES;
				CLANG_WARN_CONSTANT_CONVERSION = YES;
				CLANG_WARN_DEPRECATED_OBJC_IMPLEMENTATIONS = YES;
				CLANG_WARN_DIRECT_OBJC_ISA_USAGE = YES_ERROR;
				CLANG_WARN_DOCUMENTATION_COMMENTS = YES;
				CLANG_WARN_EMPTY_BODY = YES;
				CLANG_WARN_ENUM_CONVERSION = YES;
				CLANG_WARN_INFINITE_RECURSION = YES;
				CLANG_WARN_INT_CONVERSION = YES;
				CLANG_WARN_NON_LITERAL_NULL_CONVERSION = YES;
				CLANG_WARN_OBJC_IMPLICIT_RETAIN_SELF = YES;
				CLANG_WARN_OBJC_LITERAL_CONVERSION = YES;
				CLANG_WARN_OBJC_ROOT_CLASS = YES_ERROR;
				CLANG_WARN_QUOTED_INCLUDE_IN_FRAMEWORK_HEADER = YES;
				CLANG_WARN_RANGE_LOOP_ANALYSIS = YES;
				CLANG_WARN_STRICT_PROTOTYPES = YES;
				CLANG_WARN_SUSPICIOUS_MOVE = YES;
				CLANG_WARN_UNGUARDED_AVAILABILITY = YES_AGGRESSIVE;
				CLANG_WARN_UNREACHABLE_CODE = YES;
				CLANG_WARN__DUPLICATE_METHOD_MATCH = YES;
				COPY_PHASE_STRIP = NO;
				DEBUG_INFORMATION_FORMAT = "dwarf-with-dsym";
				ENABLE_NS_ASSERTIONS = NO;
				ENABLE_STRICT_OBJC_MSGSEND = YES;
				GCC_C_LANGUAGE_STANDARD = gnu11;
				GCC_NO_COMMON_BLOCKS = YES;
				GCC_WARN_64_TO_32_BIT_CONVERSION = YES;
				GCC_WARN_ABOUT_RETURN_TYPE = YES_ERROR;
				GCC_WARN_UNDECLARED_SELECTOR = YES;
				GCC_WARN_UNINITIALIZED_AUTOS = YES_AGGRESSIVE;
				GCC_WARN_UNUSED_FUNCTION = YES;
				GCC_WARN_UNUSED_VARIABLE = YES;
				IPHONEOS_DEPLOYMENT_TARGET = 14.5;
				MTL_ENABLE_DEBUG_INFO = NO;
				MTL_FAST_MATH = YES;
				SDKROOT = iphoneos;
				SWIFT_COMPILATION_MODE = wholemodule;
				SWIFT_OPTIMIZATION_LEVEL = "-O";
				VALIDATE_PRODUCT = YES;
			};
			name = Release;
		};
		C2EE610226686FBE00886380 /* Debug */ = {
			isa = XCBuildConfiguration;
			buildSettings = {
				ASSETCATALOG_COMPILER_APPICON_NAME = AppIcon;
				ASSETCATALOG_COMPILER_GLOBAL_ACCENT_COLOR_NAME = AccentColor;
				CODE_SIGN_STYLE = Automatic;
				INFOPLIST_FILE = LinkedListDemo/Info.plist;
				LD_RUNPATH_SEARCH_PATHS = (
					"$(inherited)",
					"@executable_path/Frameworks",
				);
				PRODUCT_BUNDLE_IDENTIFIER = mxl.LinkedListDemo;
				PRODUCT_NAME = "$(TARGET_NAME)";
				SWIFT_VERSION = 5.0;
				TARGETED_DEVICE_FAMILY = "1,2";
			};
			name = Debug;
		};
		C2EE610326686FBE00886380 /* Release */ = {
			isa = XCBuildConfiguration;
			buildSettings = {
				ASSETCATALOG_COMPILER_APPICON_NAME = AppIcon;
				ASSETCATALOG_COMPILER_GLOBAL_ACCENT_COLOR_NAME = AccentColor;
				CODE_SIGN_STYLE = Automatic;
				INFOPLIST_FILE = LinkedListDemo/Info.plist;
				LD_RUNPATH_SEARCH_PATHS = (
					"$(inherited)",
					"@executable_path/Frameworks",
				);
				PRODUCT_BUNDLE_IDENTIFIER = mxl.LinkedListDemo;
				PRODUCT_NAME = "$(TARGET_NAME)";
				SWIFT_VERSION = 5.0;
				TARGETED_DEVICE_FAMILY = "1,2";
			};
			name = Release;
		};
		C2EE610526686FBE00886380 /* Debug */ = {
			isa = XCBuildConfiguration;
			buildSettings = {
				ALWAYS_EMBED_SWIFT_STANDARD_LIBRARIES = YES;
				BUNDLE_LOADER = "$(TEST_HOST)";
				CODE_SIGN_STYLE = Automatic;
				INFOPLIST_FILE = LinkedListDemoTests/Info.plist;
				IPHONEOS_DEPLOYMENT_TARGET = 14.5;
				LD_RUNPATH_SEARCH_PATHS = (
					"$(inherited)",
					"@executable_path/Frameworks",
					"@loader_path/Frameworks",
				);
				PRODUCT_BUNDLE_IDENTIFIER = mxl.LinkedListDemoTests;
				PRODUCT_NAME = "$(TARGET_NAME)";
				SWIFT_VERSION = 5.0;
				TARGETED_DEVICE_FAMILY = "1,2";
				TEST_HOST = "$(BUILT_PRODUCTS_DIR)/LinkedListDemo.app/LinkedListDemo";
			};
			name = Debug;
		};
		C2EE610626686FBE00886380 /* Release */ = {
			isa = XCBuildConfiguration;
			buildSettings = {
				ALWAYS_EMBED_SWIFT_STANDARD_LIBRARIES = YES;
				BUNDLE_LOADER = "$(TEST_HOST)";
				CODE_SIGN_STYLE = Automatic;
				INFOPLIST_FILE = LinkedListDemoTests/Info.plist;
				IPHONEOS_DEPLOYMENT_TARGET = 14.5;
				LD_RUNPATH_SEARCH_PATHS = (
					"$(inherited)",
					"@executable_path/Frameworks",
					"@loader_path/Frameworks",
				);
				PRODUCT_BUNDLE_IDENTIFIER = mxl.LinkedListDemoTests;
				PRODUCT_NAME = "$(TARGET_NAME)";
				SWIFT_VERSION = 5.0;
				TARGETED_DEVICE_FAMILY = "1,2";
				TEST_HOST = "$(BUILT_PRODUCTS_DIR)/LinkedListDemo.app/LinkedListDemo";
			};
			name = Release;
		};
		C2EE610826686FBE00886380 /* Debug */ = {
			isa = XCBuildConfiguration;
			buildSettings = {
				ALWAYS_EMBED_SWIFT_STANDARD_LIBRARIES = YES;
				CODE_SIGN_STYLE = Automatic;
				INFOPLIST_FILE = LinkedListDemoUITests/Info.plist;
				LD_RUNPATH_SEARCH_PATHS = (
					"$(inherited)",
					"@executable_path/Frameworks",
					"@loader_path/Frameworks",
				);
				PRODUCT_BUNDLE_IDENTIFIER = mxl.LinkedListDemoUITests;
				PRODUCT_NAME = "$(TARGET_NAME)";
				SWIFT_VERSION = 5.0;
				TARGETED_DEVICE_FAMILY = "1,2";
				TEST_TARGET_NAME = LinkedListDemo;
			};
			name = Debug;
		};
		C2EE610926686FBE00886380 /* Release */ = {
			isa = XCBuildConfiguration;
			buildSettings = {
				ALWAYS_EMBED_SWIFT_STANDARD_LIBRARIES = YES;
				CODE_SIGN_STYLE = Automatic;
				INFOPLIST_FILE = LinkedListDemoUITests/Info.plist;
				LD_RUNPATH_SEARCH_PATHS = (
					"$(inherited)",
					"@executable_path/Frameworks",
					"@loader_path/Frameworks",
				);
				PRODUCT_BUNDLE_IDENTIFIER = mxl.LinkedListDemoUITests;
				PRODUCT_NAME = "$(TARGET_NAME)";
				SWIFT_VERSION = 5.0;
				TARGETED_DEVICE_FAMILY = "1,2";
				TEST_TARGET_NAME = LinkedListDemo;
			};
			name = Release;
		};
/* End XCBuildConfiguration section */

/* Begin XCConfigurationList section */
		C2EE60D226686FBA00886380 /* Build configuration list for PBXProject "LinkedListDemo" */ = {
			isa = XCConfigurationList;
			buildConfigurations = (
				C2EE60FF26686FBE00886380 /* Debug */,
				C2EE610026686FBE00886380 /* Release */,
			);
			defaultConfigurationIsVisible = 0;
			defaultConfigurationName = Release;
		};
		C2EE610126686FBE00886380 /* Build configuration list for PBXNativeTarget "LinkedListDemo" */ = {
			isa = XCConfigurationList;
			buildConfigurations = (
				C2EE610226686FBE00886380 /* Debug */,
				C2EE610326686FBE00886380 /* Release */,
			);
			defaultConfigurationIsVisible = 0;
			defaultConfigurationName = Release;
		};
		C2EE610426686FBE00886380 /* Build configuration list for PBXNativeTarget "LinkedListDemoTests" */ = {
			isa = XCConfigurationList;
			buildConfigurations = (
				C2EE610526686FBE00886380 /* Debug */,
				C2EE610626686FBE00886380 /* Release */,
			);
			defaultConfigurationIsVisible = 0;
			defaultConfigurationName = Release;
		};
		C2EE610726686FBE00886380 /* Build configuration list for PBXNativeTarget "LinkedListDemoUITests" */ = {
			isa = XCConfigurationList;
			buildConfigurations = (
				C2EE610826686FBE00886380 /* Debug */,
				C2EE610926686FBE00886380 /* Release */,
			);
			defaultConfigurationIsVisible = 0;
			defaultConfigurationName = Release;
		};
/* End XCConfigurationList section */
	};
	rootObject = C2EE60CF26686FBA00886380 /* Project object */;
}
